
Microsoft Visual Studio Solution File, Format Version 12.00
# Visual Studio 15
VisualStudioVersion = 15.0.27428.2015
MinimumVisualStudioVersion = 10.0.40219.1
Project("{FAE04EC0-301F-11D3-BF4B-00C04F79EFBC}") = "LifeGame", "LifeGame\LifeGame.csproj", "{8EA5A87D-E649-4DAF-B7A2-243C963B40D6}"
EndProject
Global
	GlobalSection(SolutionConfigurationPlatforms) = preSolution
		Debug|Any CPU = Debug|Any CPU
		Release|Any CPU = Release|Any CPU
	EndGlobalSection
	GlobalSection(ProjectConfigurationPlatforms) = postSolution
		{8EA5A87D-E649-4DAF-B7A2-243C963B40D6}.Debug|Any CPU.ActiveCfg = Debug|Any CPU
		{8EA5A87D-E649-4DAF-B7A2-243C963B40D6}.Debug|Any CPU.Build.0 = Debug|Any CPU
		{8EA5A87D-E649-4DAF-B7A2-243C963B40D6}.Release|Any CPU.ActiveCfg = Release|Any CPU
		{8EA5A87D-E649-4DAF-B7A2-243C963B40D6}.Release|Any CPU.Build.0 = Release|Any CPU
	EndGlobalSection
	GlobalSection(SolutionProperties) = preSolution
		HideSolutionNode = FALSE
	EndGlobalSection
	GlobalSection(ExtensibilityGlobals) = postSolution
		SolutionGuid = {28EBDCCA-49E1-4E60-A384-4A01A8C78F51}
	EndGlobalSection
EndGlobal
